// !$*UTF8*$!
{
	archiveVersion = 1;
	classes = {
	};
	objectVersion = 46;
	objects = {

/* Begin PBXBuildFile section */
		11EBA12418117BA4000B3EFF /* AppDelegate.m in Sources */ = {isa = PBXBuildFile; fileRef = 11EBA10B18117BA4000B3EFF /* AppDelegate.m */; };
		11EBA12518117BA4000B3EFF /* ViewController.m in Sources */ = {isa = PBXBuildFile; fileRef = 11EBA10D18117BA4000B3EFF /* ViewController.m */; };
		11EBA12618117BA4000B3EFF /* ViewController.xib in Resources */ = {isa = PBXBuildFile; fileRef = 11EBA10E18117BA4000B3EFF /* ViewController.xib */; };
		11EBA12718117BA4000B3EFF /* moscow.map in Resources */ = {isa = PBXBuildFile; fileRef = 11EBA11018117BA4000B3EFF /* moscow.map */; };
		11EBA12818117BA4000B3EFF /* forest.png in Resources */ = {isa = PBXBuildFile; fileRef = 11EBA11318117BA4000B3EFF /* forest.png */; };
		11EBA12918117BA4000B3EFF /* graveyard.png in Resources */ = {isa = PBXBuildFile; fileRef = 11EBA11418117BA4000B3EFF /* graveyard.png */; };
		11EBA12A18117BA4000B3EFF /* jam.png in Resources */ = {isa = PBXBuildFile; fileRef = 11EBA11518117BA4000B3EFF /* jam.png */; };
		11EBA12B18117BA4000B3EFF /* military.png in Resources */ = {isa = PBXBuildFile; fileRef = 11EBA11618117BA4000B3EFF /* military.png */; };
		11EBA12C18117BA4000B3EFF /* highways.mcs in Resources */ = {isa = PBXBuildFile; fileRef = 11EBA11718117BA4000B3EFF /* highways.mcs */; };
		11EBA12D18117BA4000B3EFF /* atm.png in Resources */ = {isa = PBXBuildFile; fileRef = 11EBA11918117BA4000B3EFF /* atm.png */; };
		11EBA12E18117BA4000B3EFF /* parking.png in Resources */ = {isa = PBXBuildFile; fileRef = 11EBA11A18117BA4000B3EFF /* parking.png */; };
		11EBA12F18117BA4000B3EFF /* landuse.mcs in Resources */ = {isa = PBXBuildFile; fileRef = 11EBA11B18117BA4000B3EFF /* landuse.mcs */; };
		11EBA13018117BA4000B3EFF /* osm.mcs in Resources */ = {isa = PBXBuildFile; fileRef = 11EBA11C18117BA4000B3EFF /* osm.mcs */; };
		11EBA13118117BA4000B3EFF /* parser.osp in Resources */ = {isa = PBXBuildFile; fileRef = 11EBA11D18117BA4000B3EFF /* parser.osp */; };
		11EBA13218117BA4000B3EFF /* InfoPlist.strings in Resources */ = {isa = PBXBuildFile; fileRef = 11EBA11F18117BA4000B3EFF /* InfoPlist.strings */; };
		11EBA13318117BA4000B3EFF /* main.m in Sources */ = {isa = PBXBuildFile; fileRef = 11EBA12118117BA4000B3EFF /* main.m */; };
		11EBA13418117BA4000B3EFF /* VectorMapTest-Info.plist in Resources */ = {isa = PBXBuildFile; fileRef = 11EBA12218117BA4000B3EFF /* VectorMapTest-Info.plist */; };
		11EBA19C18118430000B3EFF /* Images.xcassets in Resources */ = {isa = PBXBuildFile; fileRef = 11EBA19B18118430000B3EFF /* Images.xcassets */; };
		79E77158158B3BCC0095BF71 /* UIKit.framework in Frameworks */ = {isa = PBXBuildFile; fileRef = 79E77157158B3BCC0095BF71 /* UIKit.framework */; };
		79E7715A158B3BCC0095BF71 /* Foundation.framework in Frameworks */ = {isa = PBXBuildFile; fileRef = 79E77159158B3BCC0095BF71 /* Foundation.framework */; };
		79E7715C158B3BCC0095BF71 /* CoreGraphics.framework in Frameworks */ = {isa = PBXBuildFile; fileRef = 79E7715B158B3BCC0095BF71 /* CoreGraphics.framework */; };
		79E7719D158B3D5C0095BF71 /* libMapView.a in Frameworks */ = {isa = PBXBuildFile; fileRef = 79E77194158B3C920095BF71 /* libMapView.a */; };
		79E771A4158B410F0095BF71 /* MapKit.framework in Frameworks */ = {isa = PBXBuildFile; fileRef = 79E771A3158B410F0095BF71 /* MapKit.framework */; };
		79E771BC158B41A60095BF71 /* CoreLocation.framework in Frameworks */ = {isa = PBXBuildFile; fileRef = 79E771BB158B41A60095BF71 /* CoreLocation.framework */; };
		79E771BE158B41AC0095BF71 /* CoreText.framework in Frameworks */ = {isa = PBXBuildFile; fileRef = 79E771BD158B41AC0095BF71 /* CoreText.framework */; };
		79E771C0158B41BB0095BF71 /* QuartzCore.framework in Frameworks */ = {isa = PBXBuildFile; fileRef = 79E771BF158B41BB0095BF71 /* QuartzCore.framework */; };
		C86BF4241AD6925B00393968 /* libz.1.2.5.dylib in Frameworks */ = {isa = PBXBuildFile; fileRef = C86BF4231AD6925B00393968 /* libz.1.2.5.dylib */; };
		C86BF4391AD698BD00393968 /* libsqlcipher.a in Frameworks */ = {isa = PBXBuildFile; fileRef = C86BF4361AD6985B00393968 /* libsqlcipher.a */; };
		C86BF43D1AD6A19100393968 /* iceland.map in Sources */ = {isa = PBXBuildFile; fileRef = C86BF43C1AD6A19100393968 /* iceland.map */; };
/* End PBXBuildFile section */

/* Begin PBXContainerItemProxy section */
		11EBA13518117D10000B3EFF /* PBXContainerItemProxy */ = {
			isa = PBXContainerItemProxy;
			containerPortal = 79E77177158B3C910095BF71 /* MapView.xcodeproj */;
			proxyType = 1;
			remoteGlobalIDString = B8C974130E8A19B2007D16AD;
			remoteInfo = MapView;
		};
		79E77193158B3C920095BF71 /* PBXContainerItemProxy */ = {
			isa = PBXContainerItemProxy;
			containerPortal = 79E77177158B3C910095BF71 /* MapView.xcodeproj */;
			proxyType = 2;
			remoteGlobalIDString = 17F31EFA1331050A00122B16;
			remoteInfo = MapView;
		};
		79E77195158B3C920095BF71 /* PBXContainerItemProxy */ = {
			isa = PBXContainerItemProxy;
			containerPortal = 79E77177158B3C910095BF71 /* MapView.xcodeproj */;
			proxyType = 2;
			remoteGlobalIDString = 17157D87133BBC8300E28941;
			remoteInfo = MapViewTests;
		};
		79E77197158B3C920095BF71 /* PBXContainerItemProxy */ = {
			isa = PBXContainerItemProxy;
			containerPortal = 79E77177158B3C910095BF71 /* MapView.xcodeproj */;
			proxyType = 2;
			remoteGlobalIDString = 2BF3078F0F8AC5C0007014EE;
			remoteInfo = "Unit Tests";
		};
		C86BF4351AD6985B00393968 /* PBXContainerItemProxy */ = {
			isa = PBXContainerItemProxy;
			containerPortal = C86BF4301AD6985A00393968 /* sqlcipher.xcodeproj */;
			proxyType = 2;
			remoteGlobalIDString = D2AAC046055464E500DB518D;
			remoteInfo = sqlcipher;
		};
		C86BF4371AD6986500393968 /* PBXContainerItemProxy */ = {
			isa = PBXContainerItemProxy;
			containerPortal = C86BF4301AD6985A00393968 /* sqlcipher.xcodeproj */;
			proxyType = 1;
			remoteGlobalIDString = D2AAC045055464E500DB518D;
			remoteInfo = sqlcipher;
		};
/* End PBXContainerItemProxy section */

/* Begin PBXFileReference section */
		11EBA10A18117BA4000B3EFF /* AppDelegate.h */ = {isa = PBXFileReference; fileEncoding = 4; lastKnownFileType = sourcecode.c.h; path = AppDelegate.h; sourceTree = "<group>"; };
		11EBA10B18117BA4000B3EFF /* AppDelegate.m */ = {isa = PBXFileReference; fileEncoding = 4; lastKnownFileType = sourcecode.c.objc; path = AppDelegate.m; sourceTree = "<group>"; };
		11EBA10C18117BA4000B3EFF /* ViewController.h */ = {isa = PBXFileReference; fileEncoding = 4; lastKnownFileType = sourcecode.c.h; path = ViewController.h; sourceTree = "<group>"; };
		11EBA10D18117BA4000B3EFF /* ViewController.m */ = {isa = PBXFileReference; fileEncoding = 4; lastKnownFileType = sourcecode.c.objc; path = ViewController.m; sourceTree = "<group>"; };
		11EBA10E18117BA4000B3EFF /* ViewController.xib */ = {isa = PBXFileReference; fileEncoding = 4; lastKnownFileType = file.xib; path = ViewController.xib; sourceTree = "<group>"; };
		11EBA11018117BA4000B3EFF /* moscow.map */ = {isa = PBXFileReference; lastKnownFileType = "sourcecode.module-map"; path = moscow.map; sourceTree = "<group>"; };
		11EBA11318117BA4000B3EFF /* forest.png */ = {isa = PBXFileReference; lastKnownFileType = image.png; path = forest.png; sourceTree = "<group>"; };
		11EBA11418117BA4000B3EFF /* graveyard.png */ = {isa = PBXFileReference; lastKnownFileType = image.png; path = graveyard.png; sourceTree = "<group>"; };
		11EBA11518117BA4000B3EFF /* jam.png */ = {isa = PBXFileReference; lastKnownFileType = image.png; path = jam.png; sourceTree = "<group>"; };
		11EBA11618117BA4000B3EFF /* military.png */ = {isa = PBXFileReference; lastKnownFileType = image.png; path = military.png; sourceTree = "<group>"; };
		11EBA11718117BA4000B3EFF /* highways.mcs */ = {isa = PBXFileReference; fileEncoding = 4; lastKnownFileType = text; path = highways.mcs; sourceTree = "<group>"; };
		11EBA11918117BA4000B3EFF /* atm.png */ = {isa = PBXFileReference; lastKnownFileType = image.png; path = atm.png; sourceTree = "<group>"; };
		11EBA11A18117BA4000B3EFF /* parking.png */ = {isa = PBXFileReference; lastKnownFileType = image.png; path = parking.png; sourceTree = "<group>"; };
		11EBA11B18117BA4000B3EFF /* landuse.mcs */ = {isa = PBXFileReference; fileEncoding = 4; lastKnownFileType = text; path = landuse.mcs; sourceTree = "<group>"; };
		11EBA11C18117BA4000B3EFF /* osm.mcs */ = {isa = PBXFileReference; fileEncoding = 4; lastKnownFileType = text; path = osm.mcs; sourceTree = "<group>"; };
		11EBA11D18117BA4000B3EFF /* parser.osp */ = {isa = PBXFileReference; lastKnownFileType = file.bplist; path = parser.osp; sourceTree = "<group>"; };
		11EBA12018117BA4000B3EFF /* en */ = {isa = PBXFileReference; lastKnownFileType = text.plist.strings; name = en; path = en.lproj/InfoPlist.strings; sourceTree = "<group>"; };
		11EBA12118117BA4000B3EFF /* main.m */ = {isa = PBXFileReference; fileEncoding = 4; lastKnownFileType = sourcecode.c.objc; path = main.m; sourceTree = "<group>"; };
		11EBA12218117BA4000B3EFF /* VectorMapTest-Info.plist */ = {isa = PBXFileReference; fileEncoding = 4; lastKnownFileType = text.plist.xml; path = "VectorMapTest-Info.plist"; sourceTree = "<group>"; };
		11EBA12318117BA4000B3EFF /* VectorMapTest-Prefix.pch */ = {isa = PBXFileReference; fileEncoding = 4; lastKnownFileType = sourcecode.c.h; path = "VectorMapTest-Prefix.pch"; sourceTree = "<group>"; };
		11EBA19B18118430000B3EFF /* Images.xcassets */ = {isa = PBXFileReference; lastKnownFileType = folder.assetcatalog; path = Images.xcassets; sourceTree = "<group>"; };
		11EBA1CF18128F6E000B3EFF /* libsqlite3.0.dylib */ = {isa = PBXFileReference; lastKnownFileType = "compiled.mach-o.dylib"; name = libsqlite3.0.dylib; path = usr/lib/libsqlite3.0.dylib; sourceTree = SDKROOT; };
		79E77153158B3BCC0095BF71 /* MoscowVector.app */ = {isa = PBXFileReference; explicitFileType = wrapper.application; includeInIndex = 0; path = MoscowVector.app; sourceTree = BUILT_PRODUCTS_DIR; };
		79E77157158B3BCC0095BF71 /* UIKit.framework */ = {isa = PBXFileReference; lastKnownFileType = wrapper.framework; name = UIKit.framework; path = System/Library/Frameworks/UIKit.framework; sourceTree = SDKROOT; };
		79E77159158B3BCC0095BF71 /* Foundation.framework */ = {isa = PBXFileReference; lastKnownFileType = wrapper.framework; name = Foundation.framework; path = System/Library/Frameworks/Foundation.framework; sourceTree = SDKROOT; };
		79E7715B158B3BCC0095BF71 /* CoreGraphics.framework */ = {isa = PBXFileReference; lastKnownFileType = wrapper.framework; name = CoreGraphics.framework; path = System/Library/Frameworks/CoreGraphics.framework; sourceTree = SDKROOT; };
		79E77177158B3C910095BF71 /* MapView.xcodeproj */ = {isa = PBXFileReference; lastKnownFileType = "wrapper.pb-project"; name = MapView.xcodeproj; path = MapView/MapView.xcodeproj; sourceTree = "<group>"; };
		79E771A3158B410F0095BF71 /* MapKit.framework */ = {isa = PBXFileReference; lastKnownFileType = wrapper.framework; name = MapKit.framework; path = System/Library/Frameworks/MapKit.framework; sourceTree = SDKROOT; };
		79E771BB158B41A60095BF71 /* CoreLocation.framework */ = {isa = PBXFileReference; lastKnownFileType = wrapper.framework; name = CoreLocation.framework; path = System/Library/Frameworks/CoreLocation.framework; sourceTree = SDKROOT; };
		79E771BD158B41AC0095BF71 /* CoreText.framework */ = {isa = PBXFileReference; lastKnownFileType = wrapper.framework; name = CoreText.framework; path = System/Library/Frameworks/CoreText.framework; sourceTree = SDKROOT; };
		79E771BF158B41BB0095BF71 /* QuartzCore.framework */ = {isa = PBXFileReference; lastKnownFileType = wrapper.framework; name = QuartzCore.framework; path = System/Library/Frameworks/QuartzCore.framework; sourceTree = SDKROOT; };
		C86BF4231AD6925B00393968 /* libz.1.2.5.dylib */ = {isa = PBXFileReference; lastKnownFileType = "compiled.mach-o.dylib"; name = libz.1.2.5.dylib; path = usr/lib/libz.1.2.5.dylib; sourceTree = SDKROOT; };
		C86BF4301AD6985A00393968 /* sqlcipher.xcodeproj */ = {isa = PBXFileReference; lastKnownFileType = "wrapper.pb-project"; name = sqlcipher.xcodeproj; path = sqlcipher/sqlcipher.xcodeproj; sourceTree = "<group>"; };
		C86BF43A1AD698DB00393968 /* libiconv.2.dylib */ = {isa = PBXFileReference; lastKnownFileType = "compiled.mach-o.dylib"; name = libiconv.2.dylib; path = usr/lib/libiconv.2.dylib; sourceTree = SDKROOT; };
		C86BF43C1AD6A19100393968 /* iceland.map */ = {isa = PBXFileReference; fileEncoding = 4; lastKnownFileType = "sourcecode.module-map"; path = iceland.map; sourceTree = "<group>"; };
/* End PBXFileReference section */

/* Begin PBXFrameworksBuildPhase section */
		79E77150158B3BCC0095BF71 /* Frameworks */ = {
			isa = PBXFrameworksBuildPhase;
			buildActionMask = 2147483647;
			files = (
				C86BF4391AD698BD00393968 /* libsqlcipher.a in Frameworks */,
				C86BF4241AD6925B00393968 /* libz.1.2.5.dylib in Frameworks */,
				79E771C0158B41BB0095BF71 /* QuartzCore.framework in Frameworks */,
				79E771BE158B41AC0095BF71 /* CoreText.framework in Frameworks */,
				79E771BC158B41A60095BF71 /* CoreLocation.framework in Frameworks */,
				79E771A4158B410F0095BF71 /* MapKit.framework in Frameworks */,
				79E7719D158B3D5C0095BF71 /* libMapView.a in Frameworks */,
				79E77158158B3BCC0095BF71 /* UIKit.framework in Frameworks */,
				79E7715A158B3BCC0095BF71 /* Foundation.framework in Frameworks */,
				79E7715C158B3BCC0095BF71 /* CoreGraphics.framework in Frameworks */,
			);
			runOnlyForDeploymentPostprocessing = 0;
		};
/* End PBXFrameworksBuildPhase section */

/* Begin PBXGroup section */
		11EBA10818117BA4000B3EFF /* VectorMapTest */ = {
			isa = PBXGroup;
			children = (
				11EBA10918117BA4000B3EFF /* Classes */,
				11EBA10F18117BA4000B3EFF /* Resources */,
				11EBA11E18117BA4000B3EFF /* SupportingFiles */,
				11EBA19B18118430000B3EFF /* Images.xcassets */,
			);
			path = VectorMapTest;
			sourceTree = "<group>";
		};
		11EBA10918117BA4000B3EFF /* Classes */ = {
			isa = PBXGroup;
			children = (
				11EBA10A18117BA4000B3EFF /* AppDelegate.h */,
				11EBA10B18117BA4000B3EFF /* AppDelegate.m */,
				11EBA10C18117BA4000B3EFF /* ViewController.h */,
				11EBA10D18117BA4000B3EFF /* ViewController.m */,
				11EBA10E18117BA4000B3EFF /* ViewController.xib */,
			);
			path = Classes;
			sourceTree = "<group>";
		};
		11EBA10F18117BA4000B3EFF /* Resources */ = {
			isa = PBXGroup;
			children = (
				C86BF43C1AD6A19100393968 /* iceland.map */,
				11EBA11018117BA4000B3EFF /* moscow.map */,
				11EBA11118117BA4000B3EFF /* rules */,
			);
			path = Resources;
			sourceTree = "<group>";
		};
		11EBA11118117BA4000B3EFF /* rules */ = {
			isa = PBXGroup;
			children = (
				11EBA11218117BA4000B3EFF /* fills */,
				11EBA11718117BA4000B3EFF /* highways.mcs */,
				11EBA11818117BA4000B3EFF /* icons */,
				11EBA11B18117BA4000B3EFF /* landuse.mcs */,
				11EBA11C18117BA4000B3EFF /* osm.mcs */,
				11EBA11D18117BA4000B3EFF /* parser.osp */,
			);
			path = rules;
			sourceTree = "<group>";
		};
		11EBA11218117BA4000B3EFF /* fills */ = {
			isa = PBXGroup;
			children = (
				11EBA11318117BA4000B3EFF /* forest.png */,
				11EBA11418117BA4000B3EFF /* graveyard.png */,
				11EBA11518117BA4000B3EFF /* jam.png */,
				11EBA11618117BA4000B3EFF /* military.png */,
			);
			path = fills;
			sourceTree = "<group>";
		};
		11EBA11818117BA4000B3EFF /* icons */ = {
			isa = PBXGroup;
			children = (
				11EBA11918117BA4000B3EFF /* atm.png */,
				11EBA11A18117BA4000B3EFF /* parking.png */,
			);
			path = icons;
			sourceTree = "<group>";
		};
		11EBA11E18117BA4000B3EFF /* SupportingFiles */ = {
			isa = PBXGroup;
			children = (
				11EBA11F18117BA4000B3EFF /* InfoPlist.strings */,
				11EBA12118117BA4000B3EFF /* main.m */,
				11EBA12218117BA4000B3EFF /* VectorMapTest-Info.plist */,
				11EBA12318117BA4000B3EFF /* VectorMapTest-Prefix.pch */,
			);
			path = SupportingFiles;
			sourceTree = "<group>";
		};
		79E77148158B3BCC0095BF71 = {
			isa = PBXGroup;
			children = (
				C86BF4301AD6985A00393968 /* sqlcipher.xcodeproj */,
				79E77177158B3C910095BF71 /* MapView.xcodeproj */,
				11EBA10818117BA4000B3EFF /* VectorMapTest */,
				79E77156158B3BCC0095BF71 /* Frameworks */,
				79E77154158B3BCC0095BF71 /* Products */,
			);
			sourceTree = "<group>";
		};
		79E77154158B3BCC0095BF71 /* Products */ = {
			isa = PBXGroup;
			children = (
				79E77153158B3BCC0095BF71 /* MoscowVector.app */,
			);
			name = Products;
			sourceTree = "<group>";
		};
		79E77156158B3BCC0095BF71 /* Frameworks */ = {
			isa = PBXGroup;
			children = (
				C86BF43A1AD698DB00393968 /* libiconv.2.dylib */,
				C86BF4231AD6925B00393968 /* libz.1.2.5.dylib */,
				11EBA1CF18128F6E000B3EFF /* libsqlite3.0.dylib */,
				79E771BF158B41BB0095BF71 /* QuartzCore.framework */,
				79E771BD158B41AC0095BF71 /* CoreText.framework */,
				79E771BB158B41A60095BF71 /* CoreLocation.framework */,
				79E771A3158B410F0095BF71 /* MapKit.framework */,
				79E77157158B3BCC0095BF71 /* UIKit.framework */,
				79E77159158B3BCC0095BF71 /* Foundation.framework */,
				79E7715B158B3BCC0095BF71 /* CoreGraphics.framework */,
			);
			name = Frameworks;
			sourceTree = "<group>";
		};
		79E77178158B3C910095BF71 /* Products */ = {
			isa = PBXGroup;
			children = (
				79E77194158B3C920095BF71 /* libMapView.a */,
				79E77196158B3C920095BF71 /* MapViewTests.octest */,
				79E77198158B3C920095BF71 /* RM Unit Tests.app */,
			);
			name = Products;
			sourceTree = "<group>";
		};
		C86BF4311AD6985A00393968 /* Products */ = {
			isa = PBXGroup;
			children = (
				C86BF4361AD6985B00393968 /* libsqlcipher.a */,
			);
			name = Products;
			sourceTree = "<group>";
		};
/* End PBXGroup section */

/* Begin PBXNativeTarget section */
		79E77152158B3BCC0095BF71 /* VectorMapTest */ = {
			isa = PBXNativeTarget;
			buildConfigurationList = 79E77174158B3BCC0095BF71 /* Build configuration list for PBXNativeTarget "VectorMapTest" */;
			buildPhases = (
				79E7714F158B3BCC0095BF71 /* Sources */,
				79E77150158B3BCC0095BF71 /* Frameworks */,
				79E77151158B3BCC0095BF71 /* Resources */,
			);
			buildRules = (
			);
			dependencies = (
				C86BF4381AD6986500393968 /* PBXTargetDependency */,
				11EBA13618117D10000B3EFF /* PBXTargetDependency */,
			);
			name = VectorMapTest;
			productName = VectorMap_4_0_test;
			productReference = 79E77153158B3BCC0095BF71 /* MoscowVector.app */;
			productType = "com.apple.product-type.application";
		};
/* End PBXNativeTarget section */

/* Begin PBXProject section */
		79E7714A158B3BCC0095BF71 /* Project object */ = {
			isa = PBXProject;
			attributes = {
				LastUpgradeCheck = 0420;
			};
			buildConfigurationList = 79E7714D158B3BCC0095BF71 /* Build configuration list for PBXProject "VectorMapTest" */;
			compatibilityVersion = "Xcode 3.2";
			developmentRegion = English;
			hasScannedForEncodings = 0;
			knownRegions = (
				en,
			);
			mainGroup = 79E77148158B3BCC0095BF71;
			productRefGroup = 79E77154158B3BCC0095BF71 /* Products */;
			projectDirPath = "";
			projectReferences = (
				{
					ProductGroup = 79E77178158B3C910095BF71 /* Products */;
					ProjectRef = 79E77177158B3C910095BF71 /* MapView.xcodeproj */;
				},
				{
					ProductGroup = C86BF4311AD6985A00393968 /* Products */;
					ProjectRef = C86BF4301AD6985A00393968 /* sqlcipher.xcodeproj */;
				},
			);
			projectRoot = "";
			targets = (
				79E77152158B3BCC0095BF71 /* VectorMapTest */,
			);
		};
/* End PBXProject section */

/* Begin PBXReferenceProxy section */
		79E77194158B3C920095BF71 /* libMapView.a */ = {
			isa = PBXReferenceProxy;
			fileType = archive.ar;
			path = libMapView.a;
			remoteRef = 79E77193158B3C920095BF71 /* PBXContainerItemProxy */;
			sourceTree = BUILT_PRODUCTS_DIR;
		};
		79E77196158B3C920095BF71 /* MapViewTests.octest */ = {
			isa = PBXReferenceProxy;
			fileType = wrapper.cfbundle;
			path = MapViewTests.octest;
			remoteRef = 79E77195158B3C920095BF71 /* PBXContainerItemProxy */;
			sourceTree = BUILT_PRODUCTS_DIR;
		};
		79E77198158B3C920095BF71 /* RM Unit Tests.app */ = {
			isa = PBXReferenceProxy;
			fileType = wrapper.application;
			path = "RM Unit Tests.app";
			remoteRef = 79E77197158B3C920095BF71 /* PBXContainerItemProxy */;
			sourceTree = BUILT_PRODUCTS_DIR;
		};
		C86BF4361AD6985B00393968 /* libsqlcipher.a */ = {
			isa = PBXReferenceProxy;
			fileType = archive.ar;
			path = libsqlcipher.a;
			remoteRef = C86BF4351AD6985B00393968 /* PBXContainerItemProxy */;
			sourceTree = BUILT_PRODUCTS_DIR;
		};
/* End PBXReferenceProxy section */

/* Begin PBXResourcesBuildPhase section */
		79E77151158B3BCC0095BF71 /* Resources */ = {
			isa = PBXResourcesBuildPhase;
			buildActionMask = 2147483647;
			files = (
				11EBA12F18117BA4000B3EFF /* landuse.mcs in Resources */,
				11EBA19C18118430000B3EFF /* Images.xcassets in Resources */,
				11EBA12718117BA4000B3EFF /* moscow.map in Resources */,
				11EBA12918117BA4000B3EFF /* graveyard.png in Resources */,
				11EBA13218117BA4000B3EFF /* InfoPlist.strings in Resources */,
				11EBA12818117BA4000B3EFF /* forest.png in Resources */,
				11EBA12618117BA4000B3EFF /* ViewController.xib in Resources */,
				11EBA12D18117BA4000B3EFF /* atm.png in Resources */,
				11EBA12C18117BA4000B3EFF /* highways.mcs in Resources */,
				11EBA13418117BA4000B3EFF /* VectorMapTest-Info.plist in Resources */,
				11EBA13118117BA4000B3EFF /* parser.osp in Resources */,
				11EBA13018117BA4000B3EFF /* osm.mcs in Resources */,
				11EBA12E18117BA4000B3EFF /* parking.png in Resources */,
				11EBA12B18117BA4000B3EFF /* military.png in Resources */,
				11EBA12A18117BA4000B3EFF /* jam.png in Resources */,
			);
			runOnlyForDeploymentPostprocessing = 0;
		};
/* End PBXResourcesBuildPhase section */

/* Begin PBXSourcesBuildPhase section */
		79E7714F158B3BCC0095BF71 /* Sources */ = {
			isa = PBXSourcesBuildPhase;
			buildActionMask = 2147483647;
			files = (
				11EBA12518117BA4000B3EFF /* ViewController.m in Sources */,
				11EBA13318117BA4000B3EFF /* main.m in Sources */,
				11EBA12418117BA4000B3EFF /* AppDelegate.m in Sources */,
				C86BF43D1AD6A19100393968 /* iceland.map in Sources */,
			);
			runOnlyForDeploymentPostprocessing = 0;
		};
/* End PBXSourcesBuildPhase section */

/* Begin PBXTargetDependency section */
		11EBA13618117D10000B3EFF /* PBXTargetDependency */ = {
			isa = PBXTargetDependency;
			name = MapView;
			targetProxy = 11EBA13518117D10000B3EFF /* PBXContainerItemProxy */;
		};
		C86BF4381AD6986500393968 /* PBXTargetDependency */ = {
			isa = PBXTargetDependency;
			name = sqlcipher;
			targetProxy = C86BF4371AD6986500393968 /* PBXContainerItemProxy */;
		};
/* End PBXTargetDependency section */

/* Begin PBXVariantGroup section */
		11EBA11F18117BA4000B3EFF /* InfoPlist.strings */ = {
			isa = PBXVariantGroup;
			children = (
				11EBA12018117BA4000B3EFF /* en */,
			);
			name = InfoPlist.strings;
			sourceTree = "<group>";
		};
/* End PBXVariantGroup section */

/* Begin XCBuildConfiguration section */
		79E77172158B3BCC0095BF71 /* Debug */ = {
			isa = XCBuildConfiguration;
			buildSettings = {
				ALWAYS_SEARCH_USER_PATHS = NO;
				ARCHS = (
					"$(ARCHS_STANDARD)",
					armv7s,
				);
				"CODE_SIGN_IDENTITY[sdk=iphoneos*]" = "iPhone Developer";
				COPY_PHASE_STRIP = NO;
				GCC_C_LANGUAGE_STANDARD = gnu99;
				GCC_DYNAMIC_NO_PIC = NO;
				GCC_OPTIMIZATION_LEVEL = 0;
				GCC_PREPROCESSOR_DEFINITIONS = (
					"DEBUG=1",
					"$(inherited)",
				);
				GCC_SYMBOLS_PRIVATE_EXTERN = NO;
				GCC_VERSION = com.apple.compilers.llvm.clang.1_0;
				GCC_WARN_ABOUT_MISSING_PROTOTYPES = YES;
				GCC_WARN_ABOUT_RETURN_TYPE = YES;
				GCC_WARN_UNUSED_VARIABLE = YES;
				IPHONEOS_DEPLOYMENT_TARGET = 5.1.1;
				SDKROOT = iphoneos;
				TARGETED_DEVICE_FAMILY = "1,2";
			};
			name = Debug;
		};
		79E77173158B3BCC0095BF71 /* Release */ = {
			isa = XCBuildConfiguration;
			buildSettings = {
				ALWAYS_SEARCH_USER_PATHS = NO;
				ARCHS = (
					"$(ARCHS_STANDARD)",
					armv7s,
				);
				"CODE_SIGN_IDENTITY[sdk=iphoneos*]" = "iPhone Developer";
				COPY_PHASE_STRIP = YES;
				GCC_C_LANGUAGE_STANDARD = gnu99;
				GCC_VERSION = com.apple.compilers.llvm.clang.1_0;
				GCC_WARN_ABOUT_MISSING_PROTOTYPES = YES;
				GCC_WARN_ABOUT_RETURN_TYPE = YES;
				GCC_WARN_UNUSED_VARIABLE = YES;
				IPHONEOS_DEPLOYMENT_TARGET = 5.1.1;
				OTHER_CFLAGS = "-DNS_BLOCK_ASSERTIONS=1";
				SDKROOT = iphoneos;
				TARGETED_DEVICE_FAMILY = "1,2";
				VALIDATE_PRODUCT = YES;
			};
			name = Release;
		};
		79E77175158B3BCC0095BF71 /* Debug */ = {
			isa = XCBuildConfiguration;
			buildSettings = {
				ALWAYS_SEARCH_USER_PATHS = YES;
				ARCHS = "$(ARCHS_STANDARD)";
				ASSETCATALOG_COMPILER_APPICON_NAME = AppIcon;
				ASSETCATALOG_COMPILER_LAUNCHIMAGE_NAME = LaunchImage;
				CLANG_ENABLE_OBJC_ARC = YES;
				CLANG_WARN_OBJCPP_ARC_ABI = YES;
				CODE_SIGN_IDENTITY = "iPhone Developer";
				GCC_PRECOMPILE_PREFIX_HEADER = YES;
				GCC_PREFIX_HEADER = "VectorMapTest/SupportingFiles/VectorMapTest-Prefix.pch";
				GCC_VERSION = com.apple.compilers.llvm.clang.1_0;
				HEADER_SEARCH_PATHS = "MapView/**";
				INFOPLIST_FILE = "VectorMapTest/SupportingFiles/VectorMapTest-Info.plist";
				IPHONEOS_DEPLOYMENT_TARGET = 5.1;
				LIBRARY_SEARCH_PATHS = (
					"$(inherited)",
					"\"$(SRCROOT)/fmdb\"",
				);
				ONLY_ACTIVE_ARCH = NO;
				OTHER_LDFLAGS = (
					"-ObjC",
					"-all_load",
				);
				PRODUCT_NAME = MoscowVector;
				PROVISIONING_PROFILE = "";
				TARGETED_DEVICE_FAMILY = "1,2";
				VALID_ARCHS = "armv7 armv7s arm64";
				WRAPPER_EXTENSION = app;
			};
			name = Debug;
		};
		79E77176158B3BCC0095BF71 /* Release */ = {
			isa = XCBuildConfiguration;
			buildSettings = {
				ALWAYS_SEARCH_USER_PATHS = YES;
				ARCHS = "$(ARCHS_STANDARD)";
				ASSETCATALOG_COMPILER_APPICON_NAME = AppIcon;
				ASSETCATALOG_COMPILER_LAUNCHIMAGE_NAME = LaunchImage;
				CLANG_ENABLE_OBJC_ARC = YES;
				CLANG_WARN_OBJCPP_ARC_ABI = YES;
				CODE_SIGN_IDENTITY = "iPhone Developer";
				GCC_PRECOMPILE_PREFIX_HEADER = YES;
				GCC_PREFIX_HEADER = "VectorMapTest/SupportingFiles/VectorMapTest-Prefix.pch";
				GCC_VERSION = com.apple.compilers.llvm.clang.1_0;
				HEADER_SEARCH_PATHS = "MapView/**";
				INFOPLIST_FILE = "VectorMapTest/SupportingFiles/VectorMapTest-Info.plist";
				IPHONEOS_DEPLOYMENT_TARGET = 5.1;
				LIBRARY_SEARCH_PATHS = (
					"$(inherited)",
					"\"$(SRCROOT)/fmdb\"",
				);
				ONLY_ACTIVE_ARCH = NO;
				OTHER_LDFLAGS = (
					"-ObjC",
					"-all_load",
				);
				PRODUCT_NAME = MoscowVector;
				PROVISIONING_PROFILE = "";
				TARGETED_DEVICE_FAMILY = "1,2";
				VALID_ARCHS = "armv7 armv7s arm64";
				WRAPPER_EXTENSION = app;
			};
			name = Release;
		};
/* End XCBuildConfiguration section */

/* Begin XCConfigurationList section */
		79E7714D158B3BCC0095BF71 /* Build configuration list for PBXProject "VectorMapTest" */ = {
			isa = XCConfigurationList;
			buildConfigurations = (
				79E77172158B3BCC0095BF71 /* Debug */,
				79E77173158B3BCC0095BF71 /* Release */,
			);
			defaultConfigurationIsVisible = 0;
			defaultConfigurationName = Release;
		};
		79E77174158B3BCC0095BF71 /* Build configuration list for PBXNativeTarget "VectorMapTest" */ = {
			isa = XCConfigurationList;
			buildConfigurations = (
				79E77175158B3BCC0095BF71 /* Debug */,
				79E77176158B3BCC0095BF71 /* Release */,
			);
			defaultConfigurationIsVisible = 0;
			defaultConfigurationName = Release;
		};
/* End XCConfigurationList section */
	};
	rootObject = 79E7714A158B3BCC0095BF71 /* Project object */;
}
